
Microsoft Visual Studio Solution File, Format Version 12.00
# Visual Studio Version 16
VisualStudioVersion = 16.0.30011.22
MinimumVisualStudioVersion = 10.0.40219.1
Project("{888888A0-9F3D-457C-B088-3A5042F75D52}") = "GameOfLive", "GameOfLive\GameOfLive.pyproj", "{6B0435F8-BD3D-411F-AE91-DBE4F1CE0B43}"
EndProject
Global
	GlobalSection(SolutionConfigurationPlatforms) = preSolution
		Debug|Any CPU = Debug|Any CPU
		Release|Any CPU = Release|Any CPU
	EndGlobalSection
	GlobalSection(ProjectConfigurationPlatforms) = postSolution
		{6B0435F8-BD3D-411F-AE91-DBE4F1CE0B43}.Debug|Any CPU.ActiveCfg = Debug|Any CPU
		{6B0435F8-BD3D-411F-AE91-DBE4F1CE0B43}.Release|Any CPU.ActiveCfg = Release|Any CPU
	EndGlobalSection
	GlobalSection(SolutionProperties) = preSolution
		HideSolutionNode = FALSE
	EndGlobalSection
	GlobalSection(ExtensibilityGlobals) = postSolution
		SolutionGuid = {7B67CEB9-D2F7-43BB-97D1-323D130E9E83}
	EndGlobalSection
EndGlobal
